
Microsoft Visual Studio Solution File, Format Version 12.00
# Visual Studio 15
VisualStudioVersion = 15.0.27428.2015
MinimumVisualStudioVersion = 10.0.40219.1
Project("{FAE04EC0-301F-11D3-BF4B-00C04F79EFBC}") = "DotsGame", "DotsGame\DotsGame.csproj", "{6AF6A8A9-C70A-418F-BA5B-896571D586E1}"
EndProject
Project("{9A19103F-16F7-4668-BE54-9A1E7A4F7556}") = "DotsGame.AI", "DotsGame.AI\DotsGame.AI.csproj", "{D5EE9FC8-1D85-4F81-8D0D-73B0A95E721E}"
EndProject
Project("{FAE04EC0-301F-11D3-BF4B-00C04F79EFBC}") = "DotsGame.Formats", "DotsGame.Formats\DotsGame.Formats.csproj", "{FB6646DF-63D9-4249-81E6-359D45A0C71B}"
EndProject
Project("{FAE04EC0-301F-11D3-BF4B-00C04F79EFBC}") = "DotsGame.Formtas.Tests", "DotsGame.Formtas.Tests\DotsGame.Formtas.Tests.csproj", "{B3E7EF5C-33B6-4FA4-A6A9-3996E994F9A7}"
EndProject
Project("{FAE04EC0-301F-11D3-BF4B-00C04F79EFBC}") = "DotsGame.GUI", "DotsGame.GUI\DotsGame.GUI.csproj", "{24A16DE1-FFCB-43F6-BCB7-4F8E0322589A}"
EndProject
Project("{FAE04EC0-301F-11D3-BF4B-00C04F79EFBC}") = "DotsGame.Tests", "DotsGame.Tests\DotsGame.Tests.csproj", "{873007F0-AFAD-4C3C-821F-B7B2867D9331}"
EndProject
Global
	GlobalSection(SolutionConfigurationPlatforms) = preSolution
		Debug|Any CPU = Debug|Any CPU
		Release|Any CPU = Release|Any CPU
		ReleaseSingleFile|Any CPU = ReleaseSingleFile|Any CPU
	EndGlobalSection
	GlobalSection(ProjectConfigurationPlatforms) = postSolution
		{6AF6A8A9-C70A-418F-BA5B-896571D586E1}.Debug|Any CPU.ActiveCfg = Debug|Any CPU
		{6AF6A8A9-C70A-418F-BA5B-896571D586E1}.Debug|Any CPU.Build.0 = Debug|Any CPU
		{6AF6A8A9-C70A-418F-BA5B-896571D586E1}.Release|Any CPU.ActiveCfg = Release|Any CPU
		{6AF6A8A9-C70A-418F-BA5B-896571D586E1}.Release|Any CPU.Build.0 = Release|Any CPU
		{6AF6A8A9-C70A-418F-BA5B-896571D586E1}.ReleaseSingleFile|Any CPU.ActiveCfg = Release|Any CPU
		{6AF6A8A9-C70A-418F-BA5B-896571D586E1}.ReleaseSingleFile|Any CPU.Build.0 = Release|Any CPU
		{D5EE9FC8-1D85-4F81-8D0D-73B0A95E721E}.Debug|Any CPU.ActiveCfg = Debug|Any CPU
		{D5EE9FC8-1D85-4F81-8D0D-73B0A95E721E}.Debug|Any CPU.Build.0 = Debug|Any CPU
		{D5EE9FC8-1D85-4F81-8D0D-73B0A95E721E}.Release|Any CPU.ActiveCfg = Release|Any CPU
		{D5EE9FC8-1D85-4F81-8D0D-73B0A95E721E}.Release|Any CPU.Build.0 = Release|Any CPU
		{D5EE9FC8-1D85-4F81-8D0D-73B0A95E721E}.ReleaseSingleFile|Any CPU.ActiveCfg = Release|Any CPU
		{D5EE9FC8-1D85-4F81-8D0D-73B0A95E721E}.ReleaseSingleFile|Any CPU.Build.0 = Release|Any CPU
		{FB6646DF-63D9-4249-81E6-359D45A0C71B}.Debug|Any CPU.ActiveCfg = Debug|Any CPU
		{FB6646DF-63D9-4249-81E6-359D45A0C71B}.Debug|Any CPU.Build.0 = Debug|Any CPU
		{FB6646DF-63D9-4249-81E6-359D45A0C71B}.Release|Any CPU.ActiveCfg = Release|Any CPU
		{FB6646DF-63D9-4249-81E6-359D45A0C71B}.Release|Any CPU.Build.0 = Release|Any CPU
		{FB6646DF-63D9-4249-81E6-359D45A0C71B}.ReleaseSingleFile|Any CPU.ActiveCfg = Release|Any CPU
		{FB6646DF-63D9-4249-81E6-359D45A0C71B}.ReleaseSingleFile|Any CPU.Build.0 = Release|Any CPU
		{B3E7EF5C-33B6-4FA4-A6A9-3996E994F9A7}.Debug|Any CPU.ActiveCfg = Debug|Any CPU
		{B3E7EF5C-33B6-4FA4-A6A9-3996E994F9A7}.Debug|Any CPU.Build.0 = Debug|Any CPU
		{B3E7EF5C-33B6-4FA4-A6A9-3996E994F9A7}.Release|Any CPU.ActiveCfg = Release|Any CPU
		{B3E7EF5C-33B6-4FA4-A6A9-3996E994F9A7}.Release|Any CPU.Build.0 = Release|Any CPU
		{B3E7EF5C-33B6-4FA4-A6A9-3996E994F9A7}.ReleaseSingleFile|Any CPU.ActiveCfg = Release|Any CPU
		{B3E7EF5C-33B6-4FA4-A6A9-3996E994F9A7}.ReleaseSingleFile|Any CPU.Build.0 = Release|Any CPU
		{24A16DE1-FFCB-43F6-BCB7-4F8E0322589A}.Debug|Any CPU.ActiveCfg = Debug|Any CPU
		{24A16DE1-FFCB-43F6-BCB7-4F8E0322589A}.Debug|Any CPU.Build.0 = Debug|Any CPU
		{24A16DE1-FFCB-43F6-BCB7-4F8E0322589A}.Release|Any CPU.ActiveCfg = Release|Any CPU
		{24A16DE1-FFCB-43F6-BCB7-4F8E0322589A}.Release|Any CPU.Build.0 = Release|Any CPU
		{24A16DE1-FFCB-43F6-BCB7-4F8E0322589A}.ReleaseSingleFile|Any CPU.ActiveCfg = Release|Any CPU
		{24A16DE1-FFCB-43F6-BCB7-4F8E0322589A}.ReleaseSingleFile|Any CPU.Build.0 = Release|Any CPU
		{873007F0-AFAD-4C3C-821F-B7B2867D9331}.Debug|Any CPU.ActiveCfg = Debug|Any CPU
		{873007F0-AFAD-4C3C-821F-B7B2867D9331}.Debug|Any CPU.Build.0 = Debug|Any CPU
		{873007F0-AFAD-4C3C-821F-B7B2867D9331}.Release|Any CPU.ActiveCfg = Release|Any CPU
		{873007F0-AFAD-4C3C-821F-B7B2867D9331}.Release|Any CPU.Build.0 = Release|Any CPU
		{873007F0-AFAD-4C3C-821F-B7B2867D9331}.ReleaseSingleFile|Any CPU.ActiveCfg = Release|Any CPU
		{873007F0-AFAD-4C3C-821F-B7B2867D9331}.ReleaseSingleFile|Any CPU.Build.0 = Release|Any CPU
	EndGlobalSection
	GlobalSection(SolutionProperties) = preSolution
		HideSolutionNode = FALSE
	EndGlobalSection
	GlobalSection(ExtensibilityGlobals) = postSolution
		SolutionGuid = {FD0B9E64-13F2-4DC0-8073-1EB714C95437}
	EndGlobalSection
EndGlobal
